<?xml version="1.0" encoding="UTF-8" standalone="yes" ?>
<CodeBlocks_project_file>
	<FileVersion major="1" minor="6" />
	<Project>
		<Option title="Cybrinth" />
		<Option makefile_is_custom="1" />
		<Option pch_mode="2" />
		<Option default_target="cybrinth" />
		<Option compiler="gcc" />
		<Option show_notes="0">
			<notes>
				<![CDATA[Cybrinth created by James Dearing, copyright 2012-2013 and licensed under the GNU AGPL (see the file COPYING)]]>
			</notes>
		</Option>
		<Build>
			<Target title="non-building files">
				<Option platforms="" />
				<Option type="4" />
				<Option compiler="gcc" />
			</Target>
			<Target title="cybrinth">
				<Option output="cybrinth" prefix_auto="1" extension_auto="1" />
				<Option type="1" />
				<Option compiler="gcc" />
				<Option use_console_runner="0" />
			</Target>
		</Build>
		<Compiler>
			<Add option="-Winit-self" />
			<Add option="-Wredundant-decls" />
			<Add option="-Wcast-align" />
			<Add option="-Wunreachable-code" />
			<Add option="-Wmissing-declarations" />
			<Add option="-Wmissing-include-dirs" />
			<Add option="-Wmain" />
			<Add option="-Wall" />
			<Add option="-ansi" />
			<Add option="-fexceptions" />
			<Add option="-Wno-unused-parameter" />
			<Add directory="include" />
			<Add directory="$(include)/freetype2" />
			<Add directory="$(include)/irrlicht" />
			<Add directory="$(include)/SDL" />
			<Add directory="$(include)/boost" />
		</Compiler>
		<Linker>
			<Add directory="$(Boost)/lib" />
		</Linker>
		<Unit filename="controls.cfg">
			<Option target="non-building files" />
		</Unit>
		<Unit filename="credits.txt">
			<Option target="non-building files" />
		</Unit>
		<Unit filename="prefs.cfg">
			<Option target="non-building files" />
		</Unit>
		<Unit filename="protips.txt">
			<Option target="non-building files" />
		</Unit>
		<Unit filename="src/AI.cpp">
			<Option target="&lt;{~None~}&gt;" />
		</Unit>
		<Unit filename="src/AI.h">
			<Option target="&lt;{~None~}&gt;" />
		</Unit>
		<Unit filename="src/Collectable.cpp">
			<Option target="&lt;{~None~}&gt;" />
		</Unit>
		<Unit filename="src/Collectable.h">
			<Option target="&lt;{~None~}&gt;" />
		</Unit>
		<Unit filename="src/GameManager.cpp">
			<Option target="&lt;{~None~}&gt;" />
		</Unit>
		<Unit filename="src/GameManager.h">
			<Option target="&lt;{~None~}&gt;" />
		</Unit>
		<Unit filename="src/Goal.cpp">
			<Option target="&lt;{~None~}&gt;" />
		</Unit>
		<Unit filename="src/Goal.h">
			<Option target="&lt;{~None~}&gt;" />
		</Unit>
		<Unit filename="src/Integers.h">
			<Option target="cybrinth" />
		</Unit>
		<Unit filename="src/KeyMapping.cpp">
			<Option target="cybrinth" />
		</Unit>
		<Unit filename="src/KeyMapping.h">
			<Option target="cybrinth" />
		</Unit>
		<Unit filename="src/MazeCell.cpp">
			<Option target="&lt;{~None~}&gt;" />
		</Unit>
		<Unit filename="src/MazeCell.h">
			<Option target="&lt;{~None~}&gt;" />
		</Unit>
		<Unit filename="src/MazeManager.cpp">
			<Option target="cybrinth" />
		</Unit>
		<Unit filename="src/MazeManager.h">
			<Option target="cybrinth" />
		</Unit>
		<Unit filename="src/MenuOption.cpp">
			<Option target="&lt;{~None~}&gt;" />
		</Unit>
		<Unit filename="src/MenuOption.h">
			<Option target="&lt;{~None~}&gt;" />
		</Unit>
		<Unit filename="src/NetworkManager.cpp">
			<Option target="&lt;{~None~}&gt;" />
		</Unit>
		<Unit filename="src/NetworkManager.h">
			<Option target="&lt;{~None~}&gt;" />
		</Unit>
		<Unit filename="src/Object.cpp">
			<Option target="&lt;{~None~}&gt;" />
		</Unit>
		<Unit filename="src/Object.h">
			<Option target="&lt;{~None~}&gt;" />
		</Unit>
		<Unit filename="src/Player.cpp">
			<Option target="&lt;{~None~}&gt;" />
		</Unit>
		<Unit filename="src/Player.h">
			<Option target="&lt;{~None~}&gt;" />
		</Unit>
		<Unit filename="src/PlayerStart.cpp">
			<Option target="&lt;{~None~}&gt;" />
		</Unit>
		<Unit filename="src/PlayerStart.h">
			<Option target="&lt;{~None~}&gt;" />
		</Unit>
		<Unit filename="src/StringConverter.cpp">
			<Option target="&lt;{~None~}&gt;" />
		</Unit>
		<Unit filename="src/StringConverter.h">
			<Option target="&lt;{~None~}&gt;" />
		</Unit>
		<Unit filename="src/colors.h">
			<Option target="&lt;{~None~}&gt;" />
		</Unit>
		<Unit filename="src/font_manager.cpp">
			<Option target="&lt;{~None~}&gt;" />
		</Unit>
		<Unit filename="src/font_manager.h">
			<Option target="&lt;{~None~}&gt;" />
		</Unit>
		<Unit filename="src/gui_freetype_font.cpp">
			<Option target="&lt;{~None~}&gt;" />
		</Unit>
		<Unit filename="src/gui_freetype_font.h">
			<Option target="&lt;{~None~}&gt;" />
		</Unit>
		<Unit filename="src/main.cpp">
			<Option target="&lt;{~None~}&gt;" />
		</Unit>
		<Extensions>
			<code_completion />
			<debugger />
			<DoxyBlocks>
				<comment_style block="4" line="2" />
				<doxyfile_project />
				<doxyfile_build />
				<doxyfile_warnings />
				<doxyfile_output />
				<doxyfile_dot />
				<general />
			</DoxyBlocks>
			<envvars />
		</Extensions>
	</Project>
</CodeBlocks_project_file>
